
Microsoft Visual Studio Solution File, Format Version 12.00
# Visual Studio Version 17
VisualStudioVersion = 17.0.32126.317
MinimumVisualStudioVersion = 10.0.40219.1
Project("{FAE04EC0-301F-11D3-BF4B-00C04F79EFBC}") = "MyFirstConsole", "..\MyFirstSolution\MyFirstSolution\MyFirstConsole.csproj", "{05B42C3B-260B-41D6-82DD-4B74814F3D25}"
EndProject
Project("{FAE04EC0-301F-11D3-BF4B-00C04F79EFBC}") = "MySecondConsole", "..\MyFirstSolution\MySecondConsole\MySecondConsole.csproj", "{AFBA76E4-AB10-4FBE-B675-8CA6D07AD078}"
EndProject
Global
	GlobalSection(SolutionConfigurationPlatforms) = preSolution
		Debug|Any CPU = Debug|Any CPU
		Release|Any CPU = Release|Any CPU
	EndGlobalSection
	GlobalSection(ProjectConfigurationPlatforms) = postSolution
		{05B42C3B-260B-41D6-82DD-4B74814F3D25}.Debug|Any CPU.ActiveCfg = Debug|Any CPU
		{05B42C3B-260B-41D6-82DD-4B74814F3D25}.Debug|Any CPU.Build.0 = Debug|Any CPU
		{05B42C3B-260B-41D6-82DD-4B74814F3D25}.Release|Any CPU.ActiveCfg = Release|Any CPU
		{05B42C3B-260B-41D6-82DD-4B74814F3D25}.Release|Any CPU.Build.0 = Release|Any CPU
		{AFBA76E4-AB10-4FBE-B675-8CA6D07AD078}.Debug|Any CPU.ActiveCfg = Debug|Any CPU
		{AFBA76E4-AB10-4FBE-B675-8CA6D07AD078}.Debug|Any CPU.Build.0 = Debug|Any CPU
		{AFBA76E4-AB10-4FBE-B675-8CA6D07AD078}.Release|Any CPU.ActiveCfg = Release|Any CPU
		{AFBA76E4-AB10-4FBE-B675-8CA6D07AD078}.Release|Any CPU.Build.0 = Release|Any CPU
	EndGlobalSection
	GlobalSection(SolutionProperties) = preSolution
		HideSolutionNode = FALSE
	EndGlobalSection
	GlobalSection(ExtensibilityGlobals) = postSolution
		SolutionGuid = {51C8782F-3A00-4FD6-A51A-9C282164A928}
	EndGlobalSection
EndGlobal
